// !$*UTF8*$!
{
	archiveVersion = 1;
	classes = {
	};
	objectVersion = 50;
	objects = {

/* Begin PBXBuildFile section */
		327CEA8C242CD93B00525849 /* PlayerScoreViewControllerStoryboardTests.swift in Sources */ = {isa = PBXBuildFile; fileRef = 327CEA8B242CD93B00525849 /* PlayerScoreViewControllerStoryboardTests.swift */; };
		327CEA8E242CE10A00525849 /* SinglePlayerViewControllerStoryboardTests.swift in Sources */ = {isa = PBXBuildFile; fileRef = 327CEA8D242CE10A00525849 /* SinglePlayerViewControllerStoryboardTests.swift */; };
		327CEA90242CE3BE00525849 /* SinglePlayerViewControllerStoryboardConfigurator.swift in Sources */ = {isa = PBXBuildFile; fileRef = 327CEA8F242CE3BE00525849 /* SinglePlayerViewControllerStoryboardConfigurator.swift */; };
		32D1BB9B242B95E000DCF884 /* AppDelegate.swift in Sources */ = {isa = PBXBuildFile; fileRef = 32D1BB9A242B95E000DCF884 /* AppDelegate.swift */; };
		32D1BBA2242B95E000DCF884 /* Main.storyboard in Resources */ = {isa = PBXBuildFile; fileRef = 32D1BBA0242B95E000DCF884 /* Main.storyboard */; };
		32D1BBA4242B95E400DCF884 /* Assets.xcassets in Resources */ = {isa = PBXBuildFile; fileRef = 32D1BBA3242B95E400DCF884 /* Assets.xcassets */; };
		32D1BBA7242B95E400DCF884 /* LaunchScreen.storyboard in Resources */ = {isa = PBXBuildFile; fileRef = 32D1BBA5242B95E400DCF884 /* LaunchScreen.storyboard */; };
		32D1BBAF242B977B00DCF884 /* SinglePlayerViewController.swift in Sources */ = {isa = PBXBuildFile; fileRef = 32D1BBAE242B977B00DCF884 /* SinglePlayerViewController.swift */; };
		32D1BBB3242B990D00DCF884 /* PlayerOne.storyboard in Resources */ = {isa = PBXBuildFile; fileRef = 32D1BBB2242B990D00DCF884 /* PlayerOne.storyboard */; };
		32D1BBB5242B99E100DCF884 /* PlayerTwo.storyboard in Resources */ = {isa = PBXBuildFile; fileRef = 32D1BBB4242B99E100DCF884 /* PlayerTwo.storyboard */; };
		32D1BBB7242B9A4500DCF884 /* PlayerScoreViewController.swift in Sources */ = {isa = PBXBuildFile; fileRef = 32D1BBB6242B9A4500DCF884 /* PlayerScoreViewController.swift */; };
		32D1BBB9242B9AF700DCF884 /* SinglePlayerGame.storyboard in Resources */ = {isa = PBXBuildFile; fileRef = 32D1BBB8242B9AF700DCF884 /* SinglePlayerGame.storyboard */; };
		32D1BBBB242B9C2700DCF884 /* MultiPlayerGame.storyboard in Resources */ = {isa = PBXBuildFile; fileRef = 32D1BBBA242B9C2700DCF884 /* MultiPlayerGame.storyboard */; };
		32D1BBBD242B9F6100DCF884 /* TimedMultiPlayerGame.storyboard in Resources */ = {isa = PBXBuildFile; fileRef = 32D1BBBC242B9F6100DCF884 /* TimedMultiPlayerGame.storyboard */; };
		32D1BBBF242B9FAC00DCF884 /* MultiPlayerScore.storyboard in Resources */ = {isa = PBXBuildFile; fileRef = 32D1BBBE242B9FAC00DCF884 /* MultiPlayerScore.storyboard */; };
		32D1BBC1242BA13800DCF884 /* TimeBar.storyboard in Resources */ = {isa = PBXBuildFile; fileRef = 32D1BBC0242BA13800DCF884 /* TimeBar.storyboard */; };
		32D1BBC3242BA1D000DCF884 /* TimeBarViewController.swift in Sources */ = {isa = PBXBuildFile; fileRef = 32D1BBC2242BA1D000DCF884 /* TimeBarViewController.swift */; };
		32D1BBC5242BA40F00DCF884 /* TimedMultiPlayerViewController.swift in Sources */ = {isa = PBXBuildFile; fileRef = 32D1BBC4242BA40F00DCF884 /* TimedMultiPlayerViewController.swift */; };
		32D1BBC7242BA4D400DCF884 /* MultiPlayerViewController.swift in Sources */ = {isa = PBXBuildFile; fileRef = 32D1BBC6242BA4D400DCF884 /* MultiPlayerViewController.swift */; };
		32D1BBC9242BA93500DCF884 /* MultiPlayerScoreViewController.swift in Sources */ = {isa = PBXBuildFile; fileRef = 32D1BBC8242BA93500DCF884 /* MultiPlayerScoreViewController.swift */; };
/* End PBXBuildFile section */

/* Begin PBXContainerItemProxy section */
		327CEA84242CD85700525849 /* PBXContainerItemProxy */ = {
			isa = PBXContainerItemProxy;
			containerPortal = 32D1BB8F242B95E000DCF884 /* Project object */;
			proxyType = 1;
			remoteGlobalIDString = 32D1BB96242B95E000DCF884;
			remoteInfo = ViewControllerComposition;
		};
/* End PBXContainerItemProxy section */

/* Begin PBXFileReference section */
		327CEA7F242CD85700525849 /* ViewControllerCompositionTests.xctest */ = {isa = PBXFileReference; explicitFileType = wrapper.cfbundle; includeInIndex = 0; path = ViewControllerCompositionTests.xctest; sourceTree = BUILT_PRODUCTS_DIR; };
		327CEA83242CD85700525849 /* Info.plist */ = {isa = PBXFileReference; lastKnownFileType = text.plist.xml; path = Info.plist; sourceTree = "<group>"; };
		327CEA8B242CD93B00525849 /* PlayerScoreViewControllerStoryboardTests.swift */ = {isa = PBXFileReference; fileEncoding = 4; lastKnownFileType = sourcecode.swift; path = PlayerScoreViewControllerStoryboardTests.swift; sourceTree = "<group>"; };
		327CEA8D242CE10A00525849 /* SinglePlayerViewControllerStoryboardTests.swift */ = {isa = PBXFileReference; lastKnownFileType = sourcecode.swift; path = SinglePlayerViewControllerStoryboardTests.swift; sourceTree = "<group>"; };
		327CEA8F242CE3BE00525849 /* SinglePlayerViewControllerStoryboardConfigurator.swift */ = {isa = PBXFileReference; lastKnownFileType = sourcecode.swift; path = SinglePlayerViewControllerStoryboardConfigurator.swift; sourceTree = "<group>"; };
		32D1BB97242B95E000DCF884 /* ViewControllerComposition.app */ = {isa = PBXFileReference; explicitFileType = wrapper.application; includeInIndex = 0; path = ViewControllerComposition.app; sourceTree = BUILT_PRODUCTS_DIR; };
		32D1BB9A242B95E000DCF884 /* AppDelegate.swift */ = {isa = PBXFileReference; lastKnownFileType = sourcecode.swift; path = AppDelegate.swift; sourceTree = "<group>"; };
		32D1BBA1242B95E000DCF884 /* Base */ = {isa = PBXFileReference; lastKnownFileType = file.storyboard; name = Base; path = Base.lproj/Main.storyboard; sourceTree = "<group>"; };
		32D1BBA3242B95E400DCF884 /* Assets.xcassets */ = {isa = PBXFileReference; lastKnownFileType = folder.assetcatalog; path = Assets.xcassets; sourceTree = "<group>"; };
		32D1BBA6242B95E400DCF884 /* Base */ = {isa = PBXFileReference; lastKnownFileType = file.storyboard; name = Base; path = Base.lproj/LaunchScreen.storyboard; sourceTree = "<group>"; };
		32D1BBA8242B95E400DCF884 /* Info.plist */ = {isa = PBXFileReference; lastKnownFileType = text.plist.xml; path = Info.plist; sourceTree = "<group>"; };
		32D1BBAE242B977B00DCF884 /* SinglePlayerViewController.swift */ = {isa = PBXFileReference; lastKnownFileType = sourcecode.swift; path = SinglePlayerViewController.swift; sourceTree = "<group>"; };
		32D1BBB2242B990D00DCF884 /* PlayerOne.storyboard */ = {isa = PBXFileReference; lastKnownFileType = file.storyboard; path = PlayerOne.storyboard; sourceTree = "<group>"; };
		32D1BBB4242B99E100DCF884 /* PlayerTwo.storyboard */ = {isa = PBXFileReference; lastKnownFileType = file.storyboard; path = PlayerTwo.storyboard; sourceTree = "<group>"; };
		32D1BBB6242B9A4500DCF884 /* PlayerScoreViewController.swift */ = {isa = PBXFileReference; lastKnownFileType = sourcecode.swift; path = PlayerScoreViewController.swift; sourceTree = "<group>"; };
		32D1BBB8242B9AF700DCF884 /* SinglePlayerGame.storyboard */ = {isa = PBXFileReference; lastKnownFileType = file.storyboard; path = SinglePlayerGame.storyboard; sourceTree = "<group>"; };
		32D1BBBA242B9C2700DCF884 /* MultiPlayerGame.storyboard */ = {isa = PBXFileReference; lastKnownFileType = file.storyboard; path = MultiPlayerGame.storyboard; sourceTree = "<group>"; };
		32D1BBBC242B9F6100DCF884 /* TimedMultiPlayerGame.storyboard */ = {isa = PBXFileReference; lastKnownFileType = file.storyboard; path = TimedMultiPlayerGame.storyboard; sourceTree = "<group>"; };
		32D1BBBE242B9FAC00DCF884 /* MultiPlayerScore.storyboard */ = {isa = PBXFileReference; lastKnownFileType = file.storyboard; path = MultiPlayerScore.storyboard; sourceTree = "<group>"; };
		32D1BBC0242BA13800DCF884 /* TimeBar.storyboard */ = {isa = PBXFileReference; lastKnownFileType = file.storyboard; path = TimeBar.storyboard; sourceTree = "<group>"; };
		32D1BBC2242BA1D000DCF884 /* TimeBarViewController.swift */ = {isa = PBXFileReference; lastKnownFileType = sourcecode.swift; path = TimeBarViewController.swift; sourceTree = "<group>"; };
		32D1BBC4242BA40F00DCF884 /* TimedMultiPlayerViewController.swift */ = {isa = PBXFileReference; lastKnownFileType = sourcecode.swift; path = TimedMultiPlayerViewController.swift; sourceTree = "<group>"; };
		32D1BBC6242BA4D400DCF884 /* MultiPlayerViewController.swift */ = {isa = PBXFileReference; lastKnownFileType = sourcecode.swift; path = MultiPlayerViewController.swift; sourceTree = "<group>"; };
		32D1BBC8242BA93500DCF884 /* MultiPlayerScoreViewController.swift */ = {isa = PBXFileReference; lastKnownFileType = sourcecode.swift; path = MultiPlayerScoreViewController.swift; sourceTree = "<group>"; };
/* End PBXFileReference section */

/* Begin PBXFrameworksBuildPhase section */
		327CEA7C242CD85700525849 /* Frameworks */ = {
			isa = PBXFrameworksBuildPhase;
			buildActionMask = 2147483647;
			files = (
			);
			runOnlyForDeploymentPostprocessing = 0;
		};
		32D1BB94242B95E000DCF884 /* Frameworks */ = {
			isa = PBXFrameworksBuildPhase;
			buildActionMask = 2147483647;
			files = (
			);
			runOnlyForDeploymentPostprocessing = 0;
		};
/* End PBXFrameworksBuildPhase section */

/* Begin PBXGroup section */
		327CEA80242CD85700525849 /* ViewControllerCompositionTests */ = {
			isa = PBXGroup;
			children = (
				327CEA83242CD85700525849 /* Info.plist */,
				327CEA8B242CD93B00525849 /* PlayerScoreViewControllerStoryboardTests.swift */,
				327CEA8D242CE10A00525849 /* SinglePlayerViewControllerStoryboardTests.swift */,
			);
			path = ViewControllerCompositionTests;
			sourceTree = "<group>";
		};
		32D1BB8E242B95E000DCF884 = {
			isa = PBXGroup;
			children = (
				32D1BB99242B95E000DCF884 /* ViewControllerComposition */,
				327CEA80242CD85700525849 /* ViewControllerCompositionTests */,
				32D1BB98242B95E000DCF884 /* Products */,
			);
			sourceTree = "<group>";
		};
		32D1BB98242B95E000DCF884 /* Products */ = {
			isa = PBXGroup;
			children = (
				32D1BB97242B95E000DCF884 /* ViewControllerComposition.app */,
				327CEA7F242CD85700525849 /* ViewControllerCompositionTests.xctest */,
			);
			name = Products;
			sourceTree = "<group>";
		};
		32D1BB99242B95E000DCF884 /* ViewControllerComposition */ = {
			isa = PBXGroup;
			children = (
				32D1BB9A242B95E000DCF884 /* AppDelegate.swift */,
				32D1BBA3242B95E400DCF884 /* Assets.xcassets */,
				32D1BBA5242B95E400DCF884 /* LaunchScreen.storyboard */,
				32D1BBA8242B95E400DCF884 /* Info.plist */,
				32D1BBA0242B95E000DCF884 /* Main.storyboard */,
				32D1BBB2242B990D00DCF884 /* PlayerOne.storyboard */,
				32D1BBB4242B99E100DCF884 /* PlayerTwo.storyboard */,
				32D1BBB6242B9A4500DCF884 /* PlayerScoreViewController.swift */,
				32D1BBB8242B9AF700DCF884 /* SinglePlayerGame.storyboard */,
				32D1BBAE242B977B00DCF884 /* SinglePlayerViewController.swift */,
				32D1BBBE242B9FAC00DCF884 /* MultiPlayerScore.storyboard */,
				32D1BBC8242BA93500DCF884 /* MultiPlayerScoreViewController.swift */,
				32D1BBBA242B9C2700DCF884 /* MultiPlayerGame.storyboard */,
				32D1BBC6242BA4D400DCF884 /* MultiPlayerViewController.swift */,
				32D1BBC0242BA13800DCF884 /* TimeBar.storyboard */,
				32D1BBC2242BA1D000DCF884 /* TimeBarViewController.swift */,
				32D1BBBC242B9F6100DCF884 /* TimedMultiPlayerGame.storyboard */,
				32D1BBC4242BA40F00DCF884 /* TimedMultiPlayerViewController.swift */,
				327CEA8F242CE3BE00525849 /* SinglePlayerViewControllerStoryboardConfigurator.swift */,
			);
			path = ViewControllerComposition;
			sourceTree = "<group>";
		};
/* End PBXGroup section */

/* Begin PBXNativeTarget section */
		327CEA7E242CD85700525849 /* ViewControllerCompositionTests */ = {
			isa = PBXNativeTarget;
			buildConfigurationList = 327CEA88242CD85700525849 /* Build configuration list for PBXNativeTarget "ViewControllerCompositionTests" */;
			buildPhases = (
				327CEA7B242CD85700525849 /* Sources */,
				327CEA7C242CD85700525849 /* Frameworks */,
				327CEA7D242CD85700525849 /* Resources */,
			);
			buildRules = (
			);
			dependencies = (
				327CEA85242CD85700525849 /* PBXTargetDependency */,
			);
			name = ViewControllerCompositionTests;
			productName = ViewControllerCompositionTests;
			productReference = 327CEA7F242CD85700525849 /* ViewControllerCompositionTests.xctest */;
			productType = "com.apple.product-type.bundle.unit-test";
		};
		32D1BB96242B95E000DCF884 /* ViewControllerComposition */ = {
			isa = PBXNativeTarget;
			buildConfigurationList = 32D1BBAB242B95E400DCF884 /* Build configuration list for PBXNativeTarget "ViewControllerComposition" */;
			buildPhases = (
				32D1BB93242B95E000DCF884 /* Sources */,
				32D1BB94242B95E000DCF884 /* Frameworks */,
				32D1BB95242B95E000DCF884 /* Resources */,
			);
			buildRules = (
			);
			dependencies = (
			);
			name = ViewControllerComposition;
			productName = ViewControllerComposition;
			productReference = 32D1BB97242B95E000DCF884 /* ViewControllerComposition.app */;
			productType = "com.apple.product-type.application";
		};
/* End PBXNativeTarget section */

/* Begin PBXProject section */
		32D1BB8F242B95E000DCF884 /* Project object */ = {
			isa = PBXProject;
			attributes = {
				LastSwiftUpdateCheck = 1130;
				LastUpgradeCheck = 1130;
				ORGANIZATIONNAME = ThinhLe;
				TargetAttributes = {
					327CEA7E242CD85700525849 = {
						CreatedOnToolsVersion = 11.3.1;
						LastSwiftMigration = 1130;
						TestTargetID = 32D1BB96242B95E000DCF884;
					};
					32D1BB96242B95E000DCF884 = {
						CreatedOnToolsVersion = 11.3.1;
					};
				};
			};
			buildConfigurationList = 32D1BB92242B95E000DCF884 /* Build configuration list for PBXProject "ViewControllerComposition" */;
			compatibilityVersion = "Xcode 9.3";
			developmentRegion = en;
			hasScannedForEncodings = 0;
			knownRegions = (
				en,
				Base,
			);
			mainGroup = 32D1BB8E242B95E000DCF884;
			productRefGroup = 32D1BB98242B95E000DCF884 /* Products */;
			projectDirPath = "";
			projectRoot = "";
			targets = (
				32D1BB96242B95E000DCF884 /* ViewControllerComposition */,
				327CEA7E242CD85700525849 /* ViewControllerCompositionTests */,
			);
		};
/* End PBXProject section */

/* Begin PBXResourcesBuildPhase section */
		327CEA7D242CD85700525849 /* Resources */ = {
			isa = PBXResourcesBuildPhase;
			buildActionMask = 2147483647;
			files = (
			);
			runOnlyForDeploymentPostprocessing = 0;
		};
		32D1BB95242B95E000DCF884 /* Resources */ = {
			isa = PBXResourcesBuildPhase;
			buildActionMask = 2147483647;
			files = (
				32D1BBA7242B95E400DCF884 /* LaunchScreen.storyboard in Resources */,
				32D1BBC1242BA13800DCF884 /* TimeBar.storyboard in Resources */,
				32D1BBB9242B9AF700DCF884 /* SinglePlayerGame.storyboard in Resources */,
				32D1BBA4242B95E400DCF884 /* Assets.xcassets in Resources */,
				32D1BBBD242B9F6100DCF884 /* TimedMultiPlayerGame.storyboard in Resources */,
				32D1BBB3242B990D00DCF884 /* PlayerOne.storyboard in Resources */,
				32D1BBBF242B9FAC00DCF884 /* MultiPlayerScore.storyboard in Resources */,
				32D1BBA2242B95E000DCF884 /* Main.storyboard in Resources */,
				32D1BBBB242B9C2700DCF884 /* MultiPlayerGame.storyboard in Resources */,
				32D1BBB5242B99E100DCF884 /* PlayerTwo.storyboard in Resources */,
			);
			runOnlyForDeploymentPostprocessing = 0;
		};
/* End PBXResourcesBuildPhase section */

/* Begin PBXSourcesBuildPhase section */
		327CEA7B242CD85700525849 /* Sources */ = {
			isa = PBXSourcesBuildPhase;
			buildActionMask = 2147483647;
			files = (
				327CEA8E242CE10A00525849 /* SinglePlayerViewControllerStoryboardTests.swift in Sources */,
				327CEA8C242CD93B00525849 /* PlayerScoreViewControllerStoryboardTests.swift in Sources */,
			);
			runOnlyForDeploymentPostprocessing = 0;
		};
		32D1BB93242B95E000DCF884 /* Sources */ = {
			isa = PBXSourcesBuildPhase;
			buildActionMask = 2147483647;
			files = (
				32D1BBB7242B9A4500DCF884 /* PlayerScoreViewController.swift in Sources */,
				32D1BB9B242B95E000DCF884 /* AppDelegate.swift in Sources */,
				32D1BBC3242BA1D000DCF884 /* TimeBarViewController.swift in Sources */,
				327CEA90242CE3BE00525849 /* SinglePlayerViewControllerStoryboardConfigurator.swift in Sources */,
				32D1BBC9242BA93500DCF884 /* MultiPlayerScoreViewController.swift in Sources */,
				32D1BBC7242BA4D400DCF884 /* MultiPlayerViewController.swift in Sources */,
				32D1BBAF242B977B00DCF884 /* SinglePlayerViewController.swift in Sources */,
				32D1BBC5242BA40F00DCF884 /* TimedMultiPlayerViewController.swift in Sources */,
			);
			runOnlyForDeploymentPostprocessing = 0;
		};
/* End PBXSourcesBuildPhase section */

/* Begin PBXTargetDependency section */
		327CEA85242CD85700525849 /* PBXTargetDependency */ = {
			isa = PBXTargetDependency;
			target = 32D1BB96242B95E000DCF884 /* ViewControllerComposition */;
			targetProxy = 327CEA84242CD85700525849 /* PBXContainerItemProxy */;
		};
/* End PBXTargetDependency section */

/* Begin PBXVariantGroup section */
		32D1BBA0242B95E000DCF884 /* Main.storyboard */ = {
			isa = PBXVariantGroup;
			children = (
				32D1BBA1242B95E000DCF884 /* Base */,
			);
			name = Main.storyboard;
			sourceTree = "<group>";
		};
		32D1BBA5242B95E400DCF884 /* LaunchScreen.storyboard */ = {
			isa = PBXVariantGroup;
			children = (
				32D1BBA6242B95E400DCF884 /* Base */,
			);
			name = LaunchScreen.storyboard;
			sourceTree = "<group>";
		};
/* End PBXVariantGroup section */

/* Begin XCBuildConfiguration section */
		327CEA86242CD85700525849 /* Debug */ = {
			isa = XCBuildConfiguration;
			buildSettings = {
				BUNDLE_LOADER = "$(TEST_HOST)";
				CLANG_ENABLE_MODULES = YES;
				CODE_SIGN_STYLE = Automatic;
				DEVELOPMENT_TEAM = Z2S78UX6KB;
				INFOPLIST_FILE = ViewControllerCompositionTests/Info.plist;
				LD_RUNPATH_SEARCH_PATHS = (
					"$(inherited)",
					"@executable_path/Frameworks",
					"@loader_path/Frameworks",
				);
				PRODUCT_BUNDLE_IDENTIFIER = com.thinhle.ViewControllerCompositionTests;
				PRODUCT_NAME = "$(TARGET_NAME)";
				SWIFT_OPTIMIZATION_LEVEL = "-Onone";
				SWIFT_VERSION = 5.0;
				TARGETED_DEVICE_FAMILY = "1,2";
				TEST_HOST = "$(BUILT_PRODUCTS_DIR)/ViewControllerComposition.app/ViewControllerComposition";
			};
			name = Debug;
		};
		327CEA87242CD85700525849 /* Release */ = {
			isa = XCBuildConfiguration;
			buildSettings = {
				BUNDLE_LOADER = "$(TEST_HOST)";
				CLANG_ENABLE_MODULES = YES;
				CODE_SIGN_STYLE = Automatic;
				DEVELOPMENT_TEAM = Z2S78UX6KB;
				INFOPLIST_FILE = ViewControllerCompositionTests/Info.plist;
				LD_RUNPATH_SEARCH_PATHS = (
					"$(inherited)",
					"@executable_path/Frameworks",
					"@loader_path/Frameworks",
				);
				PRODUCT_BUNDLE_IDENTIFIER = com.thinhle.ViewControllerCompositionTests;
				PRODUCT_NAME = "$(TARGET_NAME)";
				SWIFT_VERSION = 5.0;
				TARGETED_DEVICE_FAMILY = "1,2";
				TEST_HOST = "$(BUILT_PRODUCTS_DIR)/ViewControllerComposition.app/ViewControllerComposition";
			};
			name = Release;
		};
		32D1BBA9242B95E400DCF884 /* Debug */ = {
			isa = XCBuildConfiguration;
			buildSettings = {
				ALWAYS_SEARCH_USER_PATHS = NO;
				CLANG_ANALYZER_NONNULL = YES;
				CLANG_ANALYZER_NUMBER_OBJECT_CONVERSION = YES_AGGRESSIVE;
				CLANG_CXX_LANGUAGE_STANDARD = "gnu++14";
				CLANG_CXX_LIBRARY = "libc++";
				CLANG_ENABLE_MODULES = YES;
				CLANG_ENABLE_OBJC_ARC = YES;
				CLANG_ENABLE_OBJC_WEAK = YES;
				CLANG_WARN_BLOCK_CAPTURE_AUTORELEASING = YES;
				CLANG_WARN_BOOL_CONVERSION = YES;
				CLANG_WARN_COMMA = YES;
				CLANG_WARN_CONSTANT_CONVERSION = YES;
				CLANG_WARN_DEPRECATED_OBJC_IMPLEMENTATIONS = YES;
				CLANG_WARN_DIRECT_OBJC_ISA_USAGE = YES_ERROR;
				CLANG_WARN_DOCUMENTATION_COMMENTS = YES;
				CLANG_WARN_EMPTY_BODY = YES;
				CLANG_WARN_ENUM_CONVERSION = YES;
				CLANG_WARN_INFINITE_RECURSION = YES;
				CLANG_WARN_INT_CONVERSION = YES;
				CLANG_WARN_NON_LITERAL_NULL_CONVERSION = YES;
				CLANG_WARN_OBJC_IMPLICIT_RETAIN_SELF = YES;
				CLANG_WARN_OBJC_LITERAL_CONVERSION = YES;
				CLANG_WARN_OBJC_ROOT_CLASS = YES_ERROR;
				CLANG_WARN_RANGE_LOOP_ANALYSIS = YES;
				CLANG_WARN_STRICT_PROTOTYPES = YES;
				CLANG_WARN_SUSPICIOUS_MOVE = YES;
				CLANG_WARN_UNGUARDED_AVAILABILITY = YES_AGGRESSIVE;
				CLANG_WARN_UNREACHABLE_CODE = YES;
				CLANG_WARN__DUPLICATE_METHOD_MATCH = YES;
				COPY_PHASE_STRIP = NO;
				DEBUG_INFORMATION_FORMAT = dwarf;
				ENABLE_STRICT_OBJC_MSGSEND = YES;
				ENABLE_TESTABILITY = YES;
				GCC_C_LANGUAGE_STANDARD = gnu11;
				GCC_DYNAMIC_NO_PIC = NO;
				GCC_NO_COMMON_BLOCKS = YES;
				GCC_OPTIMIZATION_LEVEL = 0;
				GCC_PREPROCESSOR_DEFINITIONS = (
					"DEBUG=1",
					"$(inherited)",
				);
				GCC_WARN_64_TO_32_BIT_CONVERSION = YES;
				GCC_WARN_ABOUT_RETURN_TYPE = YES_ERROR;
				GCC_WARN_UNDECLARED_SELECTOR = YES;
				GCC_WARN_UNINITIALIZED_AUTOS = YES_AGGRESSIVE;
				GCC_WARN_UNUSED_FUNCTION = YES;
				GCC_WARN_UNUSED_VARIABLE = YES;
				IPHONEOS_DEPLOYMENT_TARGET = 13.2;
				MTL_ENABLE_DEBUG_INFO = INCLUDE_SOURCE;
				MTL_FAST_MATH = YES;
				ONLY_ACTIVE_ARCH = YES;
				SDKROOT = iphoneos;
				SWIFT_ACTIVE_COMPILATION_CONDITIONS = DEBUG;
				SWIFT_OPTIMIZATION_LEVEL = "-Onone";
			};
			name = Debug;
		};
		32D1BBAA242B95E400DCF884 /* Release */ = {
			isa = XCBuildConfiguration;
			buildSettings = {
				ALWAYS_SEARCH_USER_PATHS = NO;
				CLANG_ANALYZER_NONNULL = YES;
				CLANG_ANALYZER_NUMBER_OBJECT_CONVERSION = YES_AGGRESSIVE;
				CLANG_CXX_LANGUAGE_STANDARD = "gnu++14";
				CLANG_CXX_LIBRARY = "libc++";
				CLANG_ENABLE_MODULES = YES;
				CLANG_ENABLE_OBJC_ARC = YES;
				CLANG_ENABLE_OBJC_WEAK = YES;
				CLANG_WARN_BLOCK_CAPTURE_AUTORELEASING = YES;
				CLANG_WARN_BOOL_CONVERSION = YES;
				CLANG_WARN_COMMA = YES;
				CLANG_WARN_CONSTANT_CONVERSION = YES;
				CLANG_WARN_DEPRECATED_OBJC_IMPLEMENTATIONS = YES;
				CLANG_WARN_DIRECT_OBJC_ISA_USAGE = YES_ERROR;
				CLANG_WARN_DOCUMENTATION_COMMENTS = YES;
				CLANG_WARN_EMPTY_BODY = YES;
				CLANG_WARN_ENUM_CONVERSION = YES;
				CLANG_WARN_INFINITE_RECURSION = YES;
				CLANG_WARN_INT_CONVERSION = YES;
				CLANG_WARN_NON_LITERAL_NULL_CONVERSION = YES;
				CLANG_WARN_OBJC_IMPLICIT_RETAIN_SELF = YES;
				CLANG_WARN_OBJC_LITERAL_CONVERSION = YES;
				CLANG_WARN_OBJC_ROOT_CLASS = YES_ERROR;
				CLANG_WARN_RANGE_LOOP_ANALYSIS = YES;
				CLANG_WARN_STRICT_PROTOTYPES = YES;
				CLANG_WARN_SUSPICIOUS_MOVE = YES;
				CLANG_WARN_UNGUARDED_AVAILABILITY = YES_AGGRESSIVE;
				CLANG_WARN_UNREACHABLE_CODE = YES;
				CLANG_WARN__DUPLICATE_METHOD_MATCH = YES;
				COPY_PHASE_STRIP = NO;
				DEBUG_INFORMATION_FORMAT = "dwarf-with-dsym";
				ENABLE_NS_ASSERTIONS = NO;
				ENABLE_STRICT_OBJC_MSGSEND = YES;
				GCC_C_LANGUAGE_STANDARD = gnu11;
				GCC_NO_COMMON_BLOCKS = YES;
				GCC_WARN_64_TO_32_BIT_CONVERSION = YES;
				GCC_WARN_ABOUT_RETURN_TYPE = YES_ERROR;
				GCC_WARN_UNDECLARED_SELECTOR = YES;
				GCC_WARN_UNINITIALIZED_AUTOS = YES_AGGRESSIVE;
				GCC_WARN_UNUSED_FUNCTION = YES;
				GCC_WARN_UNUSED_VARIABLE = YES;
				IPHONEOS_DEPLOYMENT_TARGET = 13.2;
				MTL_ENABLE_DEBUG_INFO = NO;
				MTL_FAST_MATH = YES;
				SDKROOT = iphoneos;
				SWIFT_COMPILATION_MODE = wholemodule;
				SWIFT_OPTIMIZATION_LEVEL = "-O";
				VALIDATE_PRODUCT = YES;
			};
			name = Release;
		};
		32D1BBAC242B95E400DCF884 /* Debug */ = {
			isa = XCBuildConfiguration;
			buildSettings = {
				ASSETCATALOG_COMPILER_APPICON_NAME = AppIcon;
				CODE_SIGN_STYLE = Automatic;
				DEVELOPMENT_TEAM = Z2S78UX6KB;
				INFOPLIST_FILE = ViewControllerComposition/Info.plist;
				IPHONEOS_DEPLOYMENT_TARGET = 10.1;
				LD_RUNPATH_SEARCH_PATHS = (
					"$(inherited)",
					"@executable_path/Frameworks",
				);
				PRODUCT_BUNDLE_IDENTIFIER = com.thinhle.ViewControllerComposition;
				PRODUCT_NAME = "$(TARGET_NAME)";
				SWIFT_VERSION = 5.0;
				TARGETED_DEVICE_FAMILY = "1,2";
			};
			name = Debug;
		};
		32D1BBAD242B95E400DCF884 /* Release */ = {
			isa = XCBuildConfiguration;
			buildSettings = {
				ASSETCATALOG_COMPILER_APPICON_NAME = AppIcon;
				CODE_SIGN_STYLE = Automatic;
				DEVELOPMENT_TEAM = Z2S78UX6KB;
				INFOPLIST_FILE = ViewControllerComposition/Info.plist;
				IPHONEOS_DEPLOYMENT_TARGET = 10.1;
				LD_RUNPATH_SEARCH_PATHS = (
					"$(inherited)",
					"@executable_path/Frameworks",
				);
				PRODUCT_BUNDLE_IDENTIFIER = com.thinhle.ViewControllerComposition;
				PRODUCT_NAME = "$(TARGET_NAME)";
				SWIFT_VERSION = 5.0;
				TARGETED_DEVICE_FAMILY = "1,2";
			};
			name = Release;
		};
/* End XCBuildConfiguration section */

/* Begin XCConfigurationList section */
		327CEA88242CD85700525849 /* Build configuration list for PBXNativeTarget "ViewControllerCompositionTests" */ = {
			isa = XCConfigurationList;
			buildConfigurations = (
				327CEA86242CD85700525849 /* Debug */,
				327CEA87242CD85700525849 /* Release */,
			);
			defaultConfigurationIsVisible = 0;
			defaultConfigurationName = Release;
		};
		32D1BB92242B95E000DCF884 /* Build configuration list for PBXProject "ViewControllerComposition" */ = {
			isa = XCConfigurationList;
			buildConfigurations = (
				32D1BBA9242B95E400DCF884 /* Debug */,
				32D1BBAA242B95E400DCF884 /* Release */,
			);
			defaultConfigurationIsVisible = 0;
			defaultConfigurationName = Release;
		};
		32D1BBAB242B95E400DCF884 /* Build configuration list for PBXNativeTarget "ViewControllerComposition" */ = {
			isa = XCConfigurationList;
			buildConfigurations = (
				32D1BBAC242B95E400DCF884 /* Debug */,
				32D1BBAD242B95E400DCF884 /* Release */,
			);
			defaultConfigurationIsVisible = 0;
			defaultConfigurationName = Release;
		};
/* End XCConfigurationList section */
	};
	rootObject = 32D1BB8F242B95E000DCF884 /* Project object */;
}
